PODS:
  - AWSCognito (2.4.9):
    - AWSCore (= 2.4.9)
  - AWSCognitoIdentityProvider (2.4.9):
    - AWSCore (= 2.4.9)
  - AWSCore (2.4.9)
  - AWSDynamoDB (2.4.9):
    - AWSCore (= 2.4.9)
  - AWSLambda (2.4.9):
    - AWSCore (= 2.4.9)
  - AWSS3 (2.4.9):
    - AWSCore (= 2.4.9)
  - AWSSNS (2.4.9):
    - AWSCore (= 2.4.9)
  - Bolts (1.8.4):
    - Bolts/AppLinks (= 1.8.4)
    - Bolts/Tasks (= 1.8.4)
  - Bolts/AppLinks (1.8.4):
    - Bolts/Tasks
  - Bolts/Tasks (1.8.4)
  - FBSDKCoreKit (4.13.1):
    - Bolts (~> 1.7)
  - FBSDKLoginKit (4.13.1):
    - FBSDKCoreKit
  - GoogleAppUtilities (1.1.2):
    - GoogleSymbolUtilities (~> 1.1)
  - GoogleSignIn (4.0.1):
    - GoogleAppUtilities (~> 1.1)
    - GoogleToolboxForMac/NSDictionary+URLArguments (~> 2.1)
    - GTMOAuth2 (~> 1.0)
    - GTMSessionFetcher/Core (~> 1.1)
  - GoogleSymbolUtilities (1.1.2)
  - GoogleToolboxForMac/DebugUtils (2.1.0):
    - GoogleToolboxForMac/Defines (= 2.1.0)
  - GoogleToolboxForMac/Defines (2.1.0)
  - GoogleToolboxForMac/NSDictionary+URLArguments (2.1.0):
    - GoogleToolboxForMac/DebugUtils (= 2.1.0)
    - GoogleToolboxForMac/Defines (= 2.1.0)
    - GoogleToolboxForMac/NSString+URLArguments (= 2.1.0)
  - GoogleToolboxForMac/NSString+URLArguments (2.1.0)
  - GTMOAuth2 (1.1.4):
    - GTMSessionFetcher (~> 1.1)
  - GTMSessionFetcher (1.1.7):
    - GTMSessionFetcher/Full (= 1.1.7)
  - GTMSessionFetcher/Core (1.1.7)
  - GTMSessionFetcher/Full (1.1.7):
    - GTMSessionFetcher/Core (= 1.1.7)

DEPENDENCIES:
  - AWSCognito
  - AWSCognitoIdentityProvider
  - AWSDynamoDB
  - AWSLambda (~> 2.4.6)
  - AWSS3 (~> 2.4.6)
  - AWSSNS (~> 2.4.6)
  - FBSDKCoreKit (~> 4.13.1)
  - FBSDKLoginKit (~> 4.13.1)
  - GoogleSignIn (~> 4.0.0)

SPEC CHECKSUMS:
  AWSCognito: 4fa9fefcadae1d8425b01cbde27d564c21e3fd35
  AWSCognitoIdentityProvider: 34707960c3bd3f4956cb3b9a129dfda12376bd40
  AWSCore: 175208358b95492e0ebe0337df2ab415300bddac
  AWSDynamoDB: ba9d90dd6d632197bf24baad824fa918568ba8e6
  AWSLambda: 5cfb825a83acbfd6b62a6cf109f9c73896f5cc7a
  AWSS3: e4959b48db48d5f3dcd5cdf9e24a07f60a313611
  AWSSNS: 85513f30d76556ff43bc0772e65f1a74008a488f
  Bolts: 8a7995239dbe724f9cba2248b766d48b7ebdd322
  FBSDKCoreKit: 2807fe0da2ddb49a1469da6d6ff597f99912980f
  FBSDKLoginKit: 6d350cb6a22d6956e9d078885de6ee8a0ebc51b4
  GoogleAppUtilities: a8a552aa74f6597f805e45b5a3962766c3134973
  GoogleSignIn: a8694c0a8e6d1b0ec77c58014de5bfd4ba2fa766
  GoogleSymbolUtilities: 631ee17048aa5e9ab133470d768ea997a5ef9b96
  GoogleToolboxForMac: 2b2596cbb7186865e98cadf2b1e262d851c2b168
  GTMOAuth2: 7fc9c10f5c745f4d9850419ea88889fe3baa6b7d
  GTMSessionFetcher: a1f8ed39e4fe21c68957daed472c7afbcdf29166

PODFILE CHECKSUM: 6922c3cf9027b8379334ed7fb05943ba7c637560

COCOAPODS: 1.0.1
